
Microsoft Visual Studio Solution File, Format Version 12.00
# Visual Studio Version 17
VisualStudioVersion = 17.13.35825.156 d17.13
MinimumVisualStudioVersion = 10.0.40219.1
Project("{FAE04EC0-301F-11D3-BF4B-00C04F79EFBC}") = "DBproject", "DBproject.csproj", "{0E31A478-47B2-42BB-914A-A6B96F923E8B}"
EndProject
Global
	GlobalSection(SolutionConfigurationPlatforms) = preSolution
		Debug|Any CPU = Debug|Any CPU
		Release|Any CPU = Release|Any CPU
	EndGlobalSection
	GlobalSection(ProjectConfigurationPlatforms) = postSolution
		{0E31A478-47B2-42BB-914A-A6B96F923E8B}.Debug|Any CPU.ActiveCfg = Debug|Any CPU
		{0E31A478-47B2-42BB-914A-A6B96F923E8B}.Debug|Any CPU.Build.0 = Debug|Any CPU
		{0E31A478-47B2-42BB-914A-A6B96F923E8B}.Release|Any CPU.ActiveCfg = Release|Any CPU
		{0E31A478-47B2-42BB-914A-A6B96F923E8B}.Release|Any CPU.Build.0 = Release|Any CPU
	EndGlobalSection
	GlobalSection(SolutionProperties) = preSolution
		HideSolutionNode = FALSE
	EndGlobalSection
	GlobalSection(ExtensibilityGlobals) = postSolution
		SolutionGuid = {546862C1-ADEC-49A5-BDE2-223297A85C6F}
	EndGlobalSection
EndGlobal
